// !$*UTF8*$!
{
	archiveVersion = 1;
	classes = {
	};
	objectVersion = 56;
	objects = {

/* Begin PBXBuildFile section */
		7C9C2EFD2C5FF49800541AAC /* AppEnvironment.swift in Sources */ = {isa = PBXBuildFile; fileRef = 7C9C2EFC2C5FF49800541AAC /* AppEnvironment.swift */; };
		7C9C2F052C60153300541AAC /* CoffeeOrderingUITestsE2E.swift in Sources */ = {isa = PBXBuildFile; fileRef = 7C9C2F042C60153300541AAC /* CoffeeOrderingUITestsE2E.swift */; };
		7C9C2F112C619E4D00541AAC /* AddCoffeeView.swift in Sources */ = {isa = PBXBuildFile; fileRef = 7C9C2F102C619E4D00541AAC /* AddCoffeeView.swift */; };
		7C9C2F142C61A75E00541AAC /* View+Extentions.swift in Sources */ = {isa = PBXBuildFile; fileRef = 7C9C2F132C61A75E00541AAC /* View+Extentions.swift */; };
		7C9C2F182C61B19500541AAC /* String+Extentions.swift in Sources */ = {isa = PBXBuildFile; fileRef = 7C9C2F172C61B19500541AAC /* String+Extentions.swift */; };
		7C9C2F1F2C68299500541AAC /* OrderDetailsView.swift in Sources */ = {isa = PBXBuildFile; fileRef = 7C9C2F1E2C68299500541AAC /* OrderDetailsView.swift */; };
		7CD1C93A2C5F455A00FB3A5F /* Coffee_orderingApp.swift in Sources */ = {isa = PBXBuildFile; fileRef = 7CD1C9392C5F455A00FB3A5F /* Coffee_orderingApp.swift */; };
		7CD1C93C2C5F455A00FB3A5F /* ContentView.swift in Sources */ = {isa = PBXBuildFile; fileRef = 7CD1C93B2C5F455A00FB3A5F /* ContentView.swift */; };
		7CD1C93E2C5F455D00FB3A5F /* Assets.xcassets in Resources */ = {isa = PBXBuildFile; fileRef = 7CD1C93D2C5F455D00FB3A5F /* Assets.xcassets */; };
		7CD1C9412C5F455D00FB3A5F /* Preview Assets.xcassets in Resources */ = {isa = PBXBuildFile; fileRef = 7CD1C9402C5F455D00FB3A5F /* Preview Assets.xcassets */; };
		7CD1C94A2C5F57DF00FB3A5F /* WebService.swift in Sources */ = {isa = PBXBuildFile; fileRef = 7CD1C9492C5F57DF00FB3A5F /* WebService.swift */; };
		7CD1C94D2C5F582500FB3A5F /* Order.swift in Sources */ = {isa = PBXBuildFile; fileRef = 7CD1C94C2C5F582500FB3A5F /* Order.swift */; };
		7CD1C94F2C5F7FEE00FB3A5F /* CoffeeModel.swift in Sources */ = {isa = PBXBuildFile; fileRef = 7CD1C94E2C5F7FEE00FB3A5F /* CoffeeModel.swift */; };
		7CD1C9522C5F8CF900FB3A5F /* NumberFormatter+Extentions.swift in Sources */ = {isa = PBXBuildFile; fileRef = 7CD1C9512C5F8CF900FB3A5F /* NumberFormatter+Extentions.swift */; };
		7CD1C9592C5F8E0E00FB3A5F /* OrderCellView.swift in Sources */ = {isa = PBXBuildFile; fileRef = 7CD1C9582C5F8E0E00FB3A5F /* OrderCellView.swift */; };
/* End PBXBuildFile section */

/* Begin PBXContainerItemProxy section */
		7C9C2F082C60153300541AAC /* PBXContainerItemProxy */ = {
			isa = PBXContainerItemProxy;
			containerPortal = 7CD1C92E2C5F455900FB3A5F /* Project object */;
			proxyType = 1;
			remoteGlobalIDString = 7CD1C9352C5F455900FB3A5F;
			remoteInfo = "Coffee ordering";
		};
/* End PBXContainerItemProxy section */

/* Begin PBXFileReference section */
		7C9C2EFC2C5FF49800541AAC /* AppEnvironment.swift */ = {isa = PBXFileReference; lastKnownFileType = sourcecode.swift; path = AppEnvironment.swift; sourceTree = "<group>"; };
		7C9C2F022C60153300541AAC /* CoffeeOrderingUITestsE2E.xctest */ = {isa = PBXFileReference; explicitFileType = wrapper.cfbundle; includeInIndex = 0; path = CoffeeOrderingUITestsE2E.xctest; sourceTree = BUILT_PRODUCTS_DIR; };
		7C9C2F042C60153300541AAC /* CoffeeOrderingUITestsE2E.swift */ = {isa = PBXFileReference; lastKnownFileType = sourcecode.swift; path = CoffeeOrderingUITestsE2E.swift; sourceTree = "<group>"; };
		7C9C2F102C619E4D00541AAC /* AddCoffeeView.swift */ = {isa = PBXFileReference; lastKnownFileType = sourcecode.swift; path = AddCoffeeView.swift; sourceTree = "<group>"; };
		7C9C2F132C61A75E00541AAC /* View+Extentions.swift */ = {isa = PBXFileReference; lastKnownFileType = sourcecode.swift; path = "View+Extentions.swift"; sourceTree = "<group>"; };
		7C9C2F172C61B19500541AAC /* String+Extentions.swift */ = {isa = PBXFileReference; lastKnownFileType = sourcecode.swift; path = "String+Extentions.swift"; sourceTree = "<group>"; };
		7C9C2F1C2C62E67E00541AAC /* Info.plist */ = {isa = PBXFileReference; lastKnownFileType = text.plist; path = Info.plist; sourceTree = "<group>"; };
		7C9C2F1E2C68299500541AAC /* OrderDetailsView.swift */ = {isa = PBXFileReference; lastKnownFileType = sourcecode.swift; path = OrderDetailsView.swift; sourceTree = "<group>"; };
		7CD1C9362C5F455A00FB3A5F /* Coffee ordering.app */ = {isa = PBXFileReference; explicitFileType = wrapper.application; includeInIndex = 0; path = "Coffee ordering.app"; sourceTree = BUILT_PRODUCTS_DIR; };
		7CD1C9392C5F455A00FB3A5F /* Coffee_orderingApp.swift */ = {isa = PBXFileReference; lastKnownFileType = sourcecode.swift; path = Coffee_orderingApp.swift; sourceTree = "<group>"; };
		7CD1C93B2C5F455A00FB3A5F /* ContentView.swift */ = {isa = PBXFileReference; lastKnownFileType = sourcecode.swift; path = ContentView.swift; sourceTree = "<group>"; };
		7CD1C93D2C5F455D00FB3A5F /* Assets.xcassets */ = {isa = PBXFileReference; lastKnownFileType = folder.assetcatalog; path = Assets.xcassets; sourceTree = "<group>"; };
		7CD1C9402C5F455D00FB3A5F /* Preview Assets.xcassets */ = {isa = PBXFileReference; lastKnownFileType = folder.assetcatalog; path = "Preview Assets.xcassets"; sourceTree = "<group>"; };
		7CD1C9482C5F4E7200FB3A5F /* endpoints.md */ = {isa = PBXFileReference; lastKnownFileType = net.daringfireball.markdown; path = endpoints.md; sourceTree = "<group>"; };
		7CD1C9492C5F57DF00FB3A5F /* WebService.swift */ = {isa = PBXFileReference; lastKnownFileType = sourcecode.swift; path = WebService.swift; sourceTree = "<group>"; };
		7CD1C94C2C5F582500FB3A5F /* Order.swift */ = {isa = PBXFileReference; lastKnownFileType = sourcecode.swift; path = Order.swift; sourceTree = "<group>"; };
		7CD1C94E2C5F7FEE00FB3A5F /* CoffeeModel.swift */ = {isa = PBXFileReference; lastKnownFileType = sourcecode.swift; path = CoffeeModel.swift; sourceTree = "<group>"; };
		7CD1C9512C5F8CF900FB3A5F /* NumberFormatter+Extentions.swift */ = {isa = PBXFileReference; lastKnownFileType = sourcecode.swift; path = "NumberFormatter+Extentions.swift"; sourceTree = "<group>"; };
		7CD1C9582C5F8E0E00FB3A5F /* OrderCellView.swift */ = {isa = PBXFileReference; lastKnownFileType = sourcecode.swift; path = OrderCellView.swift; sourceTree = "<group>"; };
/* End PBXFileReference section */

/* Begin PBXFrameworksBuildPhase section */
		7C9C2EFF2C60153300541AAC /* Frameworks */ = {
			isa = PBXFrameworksBuildPhase;
			buildActionMask = 2147483647;
			files = (
			);
			runOnlyForDeploymentPostprocessing = 0;
		};
		7CD1C9332C5F455900FB3A5F /* Frameworks */ = {
			isa = PBXFrameworksBuildPhase;
			buildActionMask = 2147483647;
			files = (
			);
			runOnlyForDeploymentPostprocessing = 0;
		};
/* End PBXFrameworksBuildPhase section */

/* Begin PBXGroup section */
		7C9C2EFB2C5FF47900541AAC /* Utils */ = {
			isa = PBXGroup;
			children = (
				7C9C2EFC2C5FF49800541AAC /* AppEnvironment.swift */,
			);
			path = Utils;
			sourceTree = "<group>";
		};
		7C9C2F032C60153300541AAC /* CoffeeOrderingUITestsE2E */ = {
			isa = PBXGroup;
			children = (
				7C9C2F1C2C62E67E00541AAC /* Info.plist */,
				7C9C2F042C60153300541AAC /* CoffeeOrderingUITestsE2E.swift */,
			);
			path = CoffeeOrderingUITestsE2E;
			sourceTree = "<group>";
		};
		7CD1C92D2C5F455900FB3A5F = {
			isa = PBXGroup;
			children = (
				7CD1C9382C5F455A00FB3A5F /* Coffee ordering */,
				7C9C2F032C60153300541AAC /* CoffeeOrderingUITestsE2E */,
				7CD1C9372C5F455A00FB3A5F /* Products */,
			);
			sourceTree = "<group>";
		};
		7CD1C9372C5F455A00FB3A5F /* Products */ = {
			isa = PBXGroup;
			children = (
				7CD1C9362C5F455A00FB3A5F /* Coffee ordering.app */,
				7C9C2F022C60153300541AAC /* CoffeeOrderingUITestsE2E.xctest */,
			);
			name = Products;
			sourceTree = "<group>";
		};
		7CD1C9382C5F455A00FB3A5F /* Coffee ordering */ = {
			isa = PBXGroup;
			children = (
				7CD1C93D2C5F455D00FB3A5F /* Assets.xcassets */,
				7CD1C9392C5F455A00FB3A5F /* Coffee_orderingApp.swift */,
				7CD1C93B2C5F455A00FB3A5F /* ContentView.swift */,
				7CD1C9482C5F4E7200FB3A5F /* endpoints.md */,
				7CD1C9502C5F8CCA00FB3A5F /* Extentions */,
				7CD1C94B2C5F580E00FB3A5F /* Models */,
				7CD1C93F2C5F455D00FB3A5F /* Preview Content */,
				7CD1C9472C5F4E4E00FB3A5F /* Services */,
				7C9C2EFB2C5FF47900541AAC /* Utils */,
				7CD1C9532C5F8DC600FB3A5F /* Views */,
			);
			path = "Coffee ordering";
			sourceTree = "<group>";
		};
		7CD1C93F2C5F455D00FB3A5F /* Preview Content */ = {
			isa = PBXGroup;
			children = (
				7CD1C9402C5F455D00FB3A5F /* Preview Assets.xcassets */,
			);
			path = "Preview Content";
			sourceTree = "<group>";
		};
		7CD1C9472C5F4E4E00FB3A5F /* Services */ = {
			isa = PBXGroup;
			children = (
				7CD1C9492C5F57DF00FB3A5F /* WebService.swift */,
			);
			path = Services;
			sourceTree = "<group>";
		};
		7CD1C94B2C5F580E00FB3A5F /* Models */ = {
			isa = PBXGroup;
			children = (
				7CD1C94C2C5F582500FB3A5F /* Order.swift */,
				7CD1C94E2C5F7FEE00FB3A5F /* CoffeeModel.swift */,
			);
			path = Models;
			sourceTree = "<group>";
		};
		7CD1C9502C5F8CCA00FB3A5F /* Extentions */ = {
			isa = PBXGroup;
			children = (
				7CD1C9512C5F8CF900FB3A5F /* NumberFormatter+Extentions.swift */,
				7C9C2F132C61A75E00541AAC /* View+Extentions.swift */,
				7C9C2F172C61B19500541AAC /* String+Extentions.swift */,
			);
			path = Extentions;
			sourceTree = "<group>";
		};
		7CD1C9532C5F8DC600FB3A5F /* Views */ = {
			isa = PBXGroup;
			children = (
				7CD1C9582C5F8E0E00FB3A5F /* OrderCellView.swift */,
				7C9C2F102C619E4D00541AAC /* AddCoffeeView.swift */,
				7C9C2F1E2C68299500541AAC /* OrderDetailsView.swift */,
			);
			path = Views;
			sourceTree = "<group>";
		};
/* End PBXGroup section */

/* Begin PBXNativeTarget section */
		7C9C2F012C60153300541AAC /* CoffeeOrderingUITestsE2E */ = {
			isa = PBXNativeTarget;
			buildConfigurationList = 7C9C2F0A2C60153300541AAC /* Build configuration list for PBXNativeTarget "CoffeeOrderingUITestsE2E" */;
			buildPhases = (
				7C9C2EFE2C60153300541AAC /* Sources */,
				7C9C2EFF2C60153300541AAC /* Frameworks */,
				7C9C2F002C60153300541AAC /* Resources */,
			);
			buildRules = (
			);
			dependencies = (
				7C9C2F092C60153300541AAC /* PBXTargetDependency */,
			);
			name = CoffeeOrderingUITestsE2E;
			productName = CoffeeOrderingUITestsE2E;
			productReference = 7C9C2F022C60153300541AAC /* CoffeeOrderingUITestsE2E.xctest */;
			productType = "com.apple.product-type.bundle.ui-testing";
		};
		7CD1C9352C5F455900FB3A5F /* Coffee ordering */ = {
			isa = PBXNativeTarget;
			buildConfigurationList = 7CD1C9442C5F455D00FB3A5F /* Build configuration list for PBXNativeTarget "Coffee ordering" */;
			buildPhases = (
				7CD1C9322C5F455900FB3A5F /* Sources */,
				7CD1C9332C5F455900FB3A5F /* Frameworks */,
				7CD1C9342C5F455900FB3A5F /* Resources */,
			);
			buildRules = (
			);
			dependencies = (
			);
			name = "Coffee ordering";
			productName = "Coffee ordering";
			productReference = 7CD1C9362C5F455A00FB3A5F /* Coffee ordering.app */;
			productType = "com.apple.product-type.application";
		};
/* End PBXNativeTarget section */

/* Begin PBXProject section */
		7CD1C92E2C5F455900FB3A5F /* Project object */ = {
			isa = PBXProject;
			attributes = {
				BuildIndependentTargetsInParallel = 1;
				LastSwiftUpdateCheck = 1540;
				LastUpgradeCheck = 1540;
				TargetAttributes = {
					7C9C2F012C60153300541AAC = {
						CreatedOnToolsVersion = 15.4;
						TestTargetID = 7CD1C9352C5F455900FB3A5F;
					};
					7CD1C9352C5F455900FB3A5F = {
						CreatedOnToolsVersion = 15.4;
					};
				};
			};
			buildConfigurationList = 7CD1C9312C5F455900FB3A5F /* Build configuration list for PBXProject "Coffee ordering" */;
			compatibilityVersion = "Xcode 14.0";
			developmentRegion = en;
			hasScannedForEncodings = 0;
			knownRegions = (
				en,
				Base,
			);
			mainGroup = 7CD1C92D2C5F455900FB3A5F;
			productRefGroup = 7CD1C9372C5F455A00FB3A5F /* Products */;
			projectDirPath = "";
			projectRoot = "";
			targets = (
				7CD1C9352C5F455900FB3A5F /* Coffee ordering */,
				7C9C2F012C60153300541AAC /* CoffeeOrderingUITestsE2E */,
			);
		};
/* End PBXProject section */

/* Begin PBXResourcesBuildPhase section */
		7C9C2F002C60153300541AAC /* Resources */ = {
			isa = PBXResourcesBuildPhase;
			buildActionMask = 2147483647;
			files = (
			);
			runOnlyForDeploymentPostprocessing = 0;
		};
		7CD1C9342C5F455900FB3A5F /* Resources */ = {
			isa = PBXResourcesBuildPhase;
			buildActionMask = 2147483647;
			files = (
				7CD1C9412C5F455D00FB3A5F /* Preview Assets.xcassets in Resources */,
				7CD1C93E2C5F455D00FB3A5F /* Assets.xcassets in Resources */,
			);
			runOnlyForDeploymentPostprocessing = 0;
		};
/* End PBXResourcesBuildPhase section */

/* Begin PBXSourcesBuildPhase section */
		7C9C2EFE2C60153300541AAC /* Sources */ = {
			isa = PBXSourcesBuildPhase;
			buildActionMask = 2147483647;
			files = (
				7C9C2F052C60153300541AAC /* CoffeeOrderingUITestsE2E.swift in Sources */,
			);
			runOnlyForDeploymentPostprocessing = 0;
		};
		7CD1C9322C5F455900FB3A5F /* Sources */ = {
			isa = PBXSourcesBuildPhase;
			buildActionMask = 2147483647;
			files = (
				7CD1C9522C5F8CF900FB3A5F /* NumberFormatter+Extentions.swift in Sources */,
				7CD1C9592C5F8E0E00FB3A5F /* OrderCellView.swift in Sources */,
				7CD1C94A2C5F57DF00FB3A5F /* WebService.swift in Sources */,
				7CD1C94F2C5F7FEE00FB3A5F /* CoffeeModel.swift in Sources */,
				7C9C2F112C619E4D00541AAC /* AddCoffeeView.swift in Sources */,
				7CD1C93C2C5F455A00FB3A5F /* ContentView.swift in Sources */,
				7C9C2EFD2C5FF49800541AAC /* AppEnvironment.swift in Sources */,
				7C9C2F182C61B19500541AAC /* String+Extentions.swift in Sources */,
				7CD1C94D2C5F582500FB3A5F /* Order.swift in Sources */,
				7CD1C93A2C5F455A00FB3A5F /* Coffee_orderingApp.swift in Sources */,
				7C9C2F1F2C68299500541AAC /* OrderDetailsView.swift in Sources */,
				7C9C2F142C61A75E00541AAC /* View+Extentions.swift in Sources */,
			);
			runOnlyForDeploymentPostprocessing = 0;
		};
/* End PBXSourcesBuildPhase section */

/* Begin PBXTargetDependency section */
		7C9C2F092C60153300541AAC /* PBXTargetDependency */ = {
			isa = PBXTargetDependency;
			target = 7CD1C9352C5F455900FB3A5F /* Coffee ordering */;
			targetProxy = 7C9C2F082C60153300541AAC /* PBXContainerItemProxy */;
		};
/* End PBXTargetDependency section */

/* Begin XCBuildConfiguration section */
		7C9C2F0B2C60153300541AAC /* Debug */ = {
			isa = XCBuildConfiguration;
			buildSettings = {
				CODE_SIGN_STYLE = Automatic;
				CURRENT_PROJECT_VERSION = 1;
				DEVELOPMENT_TEAM = G3TMK8KB93;
				GENERATE_INFOPLIST_FILE = YES;
				INFOPLIST_FILE = CoffeeOrderingUITestsE2E/Info.plist;
				MARKETING_VERSION = 1.0;
				PRODUCT_BUNDLE_IDENTIFIER = com.ehsanApp.CoffeeOrderingUITestsE2E;
				PRODUCT_NAME = "$(TARGET_NAME)";
				SWIFT_EMIT_LOC_STRINGS = NO;
				SWIFT_VERSION = 5.0;
				TARGETED_DEVICE_FAMILY = "1,2";
				TEST_TARGET_NAME = "Coffee ordering";
			};
			name = Debug;
		};
		7C9C2F0C2C60153300541AAC /* Release */ = {
			isa = XCBuildConfiguration;
			buildSettings = {
				CODE_SIGN_STYLE = Automatic;
				CURRENT_PROJECT_VERSION = 1;
				DEVELOPMENT_TEAM = G3TMK8KB93;
				GENERATE_INFOPLIST_FILE = YES;
				INFOPLIST_FILE = CoffeeOrderingUITestsE2E/Info.plist;
				MARKETING_VERSION = 1.0;
				PRODUCT_BUNDLE_IDENTIFIER = com.ehsanApp.CoffeeOrderingUITestsE2E;
				PRODUCT_NAME = "$(TARGET_NAME)";
				SWIFT_EMIT_LOC_STRINGS = NO;
				SWIFT_VERSION = 5.0;
				TARGETED_DEVICE_FAMILY = "1,2";
				TEST_TARGET_NAME = "Coffee ordering";
			};
			name = Release;
		};
		7CD1C9422C5F455D00FB3A5F /* Debug */ = {
			isa = XCBuildConfiguration;
			buildSettings = {
				ALWAYS_SEARCH_USER_PATHS = NO;
				ASSETCATALOG_COMPILER_GENERATE_SWIFT_ASSET_SYMBOL_EXTENSIONS = YES;
				CLANG_ANALYZER_NONNULL = YES;
				CLANG_ANALYZER_NUMBER_OBJECT_CONVERSION = YES_AGGRESSIVE;
				CLANG_CXX_LANGUAGE_STANDARD = "gnu++20";
				CLANG_ENABLE_MODULES = YES;
				CLANG_ENABLE_OBJC_ARC = YES;
				CLANG_ENABLE_OBJC_WEAK = YES;
				CLANG_WARN_BLOCK_CAPTURE_AUTORELEASING = YES;
				CLANG_WARN_BOOL_CONVERSION = YES;
				CLANG_WARN_COMMA = YES;
				CLANG_WARN_CONSTANT_CONVERSION = YES;
				CLANG_WARN_DEPRECATED_OBJC_IMPLEMENTATIONS = YES;
				CLANG_WARN_DIRECT_OBJC_ISA_USAGE = YES_ERROR;
				CLANG_WARN_DOCUMENTATION_COMMENTS = YES;
				CLANG_WARN_EMPTY_BODY = YES;
				CLANG_WARN_ENUM_CONVERSION = YES;
				CLANG_WARN_INFINITE_RECURSION = YES;
				CLANG_WARN_INT_CONVERSION = YES;
				CLANG_WARN_NON_LITERAL_NULL_CONVERSION = YES;
				CLANG_WARN_OBJC_IMPLICIT_RETAIN_SELF = YES;
				CLANG_WARN_OBJC_LITERAL_CONVERSION = YES;
				CLANG_WARN_OBJC_ROOT_CLASS = YES_ERROR;
				CLANG_WARN_QUOTED_INCLUDE_IN_FRAMEWORK_HEADER = YES;
				CLANG_WARN_RANGE_LOOP_ANALYSIS = YES;
				CLANG_WARN_STRICT_PROTOTYPES = YES;
				CLANG_WARN_SUSPICIOUS_MOVE = YES;
				CLANG_WARN_UNGUARDED_AVAILABILITY = YES_AGGRESSIVE;
				CLANG_WARN_UNREACHABLE_CODE = YES;
				CLANG_WARN__DUPLICATE_METHOD_MATCH = YES;
				COPY_PHASE_STRIP = NO;
				DEBUG_INFORMATION_FORMAT = dwarf;
				ENABLE_STRICT_OBJC_MSGSEND = YES;
				ENABLE_TESTABILITY = YES;
				ENABLE_USER_SCRIPT_SANDBOXING = YES;
				GCC_C_LANGUAGE_STANDARD = gnu17;
				GCC_DYNAMIC_NO_PIC = NO;
				GCC_NO_COMMON_BLOCKS = YES;
				GCC_OPTIMIZATION_LEVEL = 0;
				GCC_PREPROCESSOR_DEFINITIONS = (
					"DEBUG=1",
					"$(inherited)",
				);
				GCC_WARN_64_TO_32_BIT_CONVERSION = YES;
				GCC_WARN_ABOUT_RETURN_TYPE = YES_ERROR;
				GCC_WARN_UNDECLARED_SELECTOR = YES;
				GCC_WARN_UNINITIALIZED_AUTOS = YES_AGGRESSIVE;
				GCC_WARN_UNUSED_FUNCTION = YES;
				GCC_WARN_UNUSED_VARIABLE = YES;
				IPHONEOS_DEPLOYMENT_TARGET = 17.5;
				LOCALIZATION_PREFERS_STRING_CATALOGS = YES;
				MTL_ENABLE_DEBUG_INFO = INCLUDE_SOURCE;
				MTL_FAST_MATH = YES;
				ONLY_ACTIVE_ARCH = YES;
				SDKROOT = iphoneos;
				SWIFT_ACTIVE_COMPILATION_CONDITIONS = "DEBUG $(inherited)";
				SWIFT_OPTIMIZATION_LEVEL = "-Onone";
			};
			name = Debug;
		};
		7CD1C9432C5F455D00FB3A5F /* Release */ = {
			isa = XCBuildConfiguration;
			buildSettings = {
				ALWAYS_SEARCH_USER_PATHS = NO;
				ASSETCATALOG_COMPILER_GENERATE_SWIFT_ASSET_SYMBOL_EXTENSIONS = YES;
				CLANG_ANALYZER_NONNULL = YES;
				CLANG_ANALYZER_NUMBER_OBJECT_CONVERSION = YES_AGGRESSIVE;
				CLANG_CXX_LANGUAGE_STANDARD = "gnu++20";
				CLANG_ENABLE_MODULES = YES;
				CLANG_ENABLE_OBJC_ARC = YES;
				CLANG_ENABLE_OBJC_WEAK = YES;
				CLANG_WARN_BLOCK_CAPTURE_AUTORELEASING = YES;
				CLANG_WARN_BOOL_CONVERSION = YES;
				CLANG_WARN_COMMA = YES;
				CLANG_WARN_CONSTANT_CONVERSION = YES;
				CLANG_WARN_DEPRECATED_OBJC_IMPLEMENTATIONS = YES;
				CLANG_WARN_DIRECT_OBJC_ISA_USAGE = YES_ERROR;
				CLANG_WARN_DOCUMENTATION_COMMENTS = YES;
				CLANG_WARN_EMPTY_BODY = YES;
				CLANG_WARN_ENUM_CONVERSION = YES;
				CLANG_WARN_INFINITE_RECURSION = YES;
				CLANG_WARN_INT_CONVERSION = YES;
				CLANG_WARN_NON_LITERAL_NULL_CONVERSION = YES;
				CLANG_WARN_OBJC_IMPLICIT_RETAIN_SELF = YES;
				CLANG_WARN_OBJC_LITERAL_CONVERSION = YES;
				CLANG_WARN_OBJC_ROOT_CLASS = YES_ERROR;
				CLANG_WARN_QUOTED_INCLUDE_IN_FRAMEWORK_HEADER = YES;
				CLANG_WARN_RANGE_LOOP_ANALYSIS = YES;
				CLANG_WARN_STRICT_PROTOTYPES = YES;
				CLANG_WARN_SUSPICIOUS_MOVE = YES;
				CLANG_WARN_UNGUARDED_AVAILABILITY = YES_AGGRESSIVE;
				CLANG_WARN_UNREACHABLE_CODE = YES;
				CLANG_WARN__DUPLICATE_METHOD_MATCH = YES;
				COPY_PHASE_STRIP = NO;
				DEBUG_INFORMATION_FORMAT = "dwarf-with-dsym";
				ENABLE_NS_ASSERTIONS = NO;
				ENABLE_STRICT_OBJC_MSGSEND = YES;
				ENABLE_USER_SCRIPT_SANDBOXING = YES;
				GCC_C_LANGUAGE_STANDARD = gnu17;
				GCC_NO_COMMON_BLOCKS = YES;
				GCC_WARN_64_TO_32_BIT_CONVERSION = YES;
				GCC_WARN_ABOUT_RETURN_TYPE = YES_ERROR;
				GCC_WARN_UNDECLARED_SELECTOR = YES;
				GCC_WARN_UNINITIALIZED_AUTOS = YES_AGGRESSIVE;
				GCC_WARN_UNUSED_FUNCTION = YES;
				GCC_WARN_UNUSED_VARIABLE = YES;
				IPHONEOS_DEPLOYMENT_TARGET = 17.5;
				LOCALIZATION_PREFERS_STRING_CATALOGS = YES;
				MTL_ENABLE_DEBUG_INFO = NO;
				MTL_FAST_MATH = YES;
				SDKROOT = iphoneos;
				SWIFT_COMPILATION_MODE = wholemodule;
				VALIDATE_PRODUCT = YES;
			};
			name = Release;
		};
		7CD1C9452C5F455D00FB3A5F /* Debug */ = {
			isa = XCBuildConfiguration;
			buildSettings = {
				ASSETCATALOG_COMPILER_APPICON_NAME = AppIcon;
				ASSETCATALOG_COMPILER_GLOBAL_ACCENT_COLOR_NAME = AccentColor;
				CODE_SIGN_STYLE = Automatic;
				CURRENT_PROJECT_VERSION = 1;
				DEVELOPMENT_ASSET_PATHS = "\"Coffee ordering/Preview Content\"";
				DEVELOPMENT_TEAM = G3TMK8KB93;
				ENABLE_PREVIEWS = YES;
				GENERATE_INFOPLIST_FILE = YES;
				INFOPLIST_KEY_UIApplicationSceneManifest_Generation = YES;
				INFOPLIST_KEY_UIApplicationSupportsIndirectInputEvents = YES;
				INFOPLIST_KEY_UILaunchScreen_Generation = YES;
				INFOPLIST_KEY_UISupportedInterfaceOrientations_iPad = "UIInterfaceOrientationPortrait UIInterfaceOrientationPortraitUpsideDown UIInterfaceOrientationLandscapeLeft UIInterfaceOrientationLandscapeRight";
				INFOPLIST_KEY_UISupportedInterfaceOrientations_iPhone = "UIInterfaceOrientationPortrait UIInterfaceOrientationLandscapeLeft UIInterfaceOrientationLandscapeRight";
				LD_RUNPATH_SEARCH_PATHS = (
					"$(inherited)",
					"@executable_path/Frameworks",
				);
				MARKETING_VERSION = 1.0;
				PRODUCT_BUNDLE_IDENTIFIER = "com.ehsanApp.Coffee-ordering";
				PRODUCT_NAME = "$(TARGET_NAME)";
				SWIFT_EMIT_LOC_STRINGS = YES;
				SWIFT_VERSION = 5.0;
				TARGETED_DEVICE_FAMILY = "1,2";
			};
			name = Debug;
		};
		7CD1C9462C5F455D00FB3A5F /* Release */ = {
			isa = XCBuildConfiguration;
			buildSettings = {
				ASSETCATALOG_COMPILER_APPICON_NAME = AppIcon;
				ASSETCATALOG_COMPILER_GLOBAL_ACCENT_COLOR_NAME = AccentColor;
				CODE_SIGN_STYLE = Automatic;
				CURRENT_PROJECT_VERSION = 1;
				DEVELOPMENT_ASSET_PATHS = "\"Coffee ordering/Preview Content\"";
				DEVELOPMENT_TEAM = G3TMK8KB93;
				ENABLE_PREVIEWS = YES;
				GENERATE_INFOPLIST_FILE = YES;
				INFOPLIST_KEY_UIApplicationSceneManifest_Generation = YES;
				INFOPLIST_KEY_UIApplicationSupportsIndirectInputEvents = YES;
				INFOPLIST_KEY_UILaunchScreen_Generation = YES;
				INFOPLIST_KEY_UISupportedInterfaceOrientations_iPad = "UIInterfaceOrientationPortrait UIInterfaceOrientationPortraitUpsideDown UIInterfaceOrientationLandscapeLeft UIInterfaceOrientationLandscapeRight";
				INFOPLIST_KEY_UISupportedInterfaceOrientations_iPhone = "UIInterfaceOrientationPortrait UIInterfaceOrientationLandscapeLeft UIInterfaceOrientationLandscapeRight";
				LD_RUNPATH_SEARCH_PATHS = (
					"$(inherited)",
					"@executable_path/Frameworks",
				);
				MARKETING_VERSION = 1.0;
				PRODUCT_BUNDLE_IDENTIFIER = "com.ehsanApp.Coffee-ordering";
				PRODUCT_NAME = "$(TARGET_NAME)";
				SWIFT_EMIT_LOC_STRINGS = YES;
				SWIFT_VERSION = 5.0;
				TARGETED_DEVICE_FAMILY = "1,2";
			};
			name = Release;
		};
/* End XCBuildConfiguration section */

/* Begin XCConfigurationList section */
		7C9C2F0A2C60153300541AAC /* Build configuration list for PBXNativeTarget "CoffeeOrderingUITestsE2E" */ = {
			isa = XCConfigurationList;
			buildConfigurations = (
				7C9C2F0B2C60153300541AAC /* Debug */,
				7C9C2F0C2C60153300541AAC /* Release */,
			);
			defaultConfigurationIsVisible = 0;
			defaultConfigurationName = Release;
		};
		7CD1C9312C5F455900FB3A5F /* Build configuration list for PBXProject "Coffee ordering" */ = {
			isa = XCConfigurationList;
			buildConfigurations = (
				7CD1C9422C5F455D00FB3A5F /* Debug */,
				7CD1C9432C5F455D00FB3A5F /* Release */,
			);
			defaultConfigurationIsVisible = 0;
			defaultConfigurationName = Release;
		};
		7CD1C9442C5F455D00FB3A5F /* Build configuration list for PBXNativeTarget "Coffee ordering" */ = {
			isa = XCConfigurationList;
			buildConfigurations = (
				7CD1C9452C5F455D00FB3A5F /* Debug */,
				7CD1C9462C5F455D00FB3A5F /* Release */,
			);
			defaultConfigurationIsVisible = 0;
			defaultConfigurationName = Release;
		};
/* End XCConfigurationList section */
	};
	rootObject = 7CD1C92E2C5F455900FB3A5F /* Project object */;
}
